// !$*UTF8*$!
{
	archiveVersion = 1;
	classes = {
	};
	objectVersion = 46;
	objects = {

/* Begin PBXBuildFile section */
		BF14B0211641D33200BD9E50 /* CustomEventCell.m in Sources */ = {isa = PBXBuildFile; fileRef = BF14B0201641D33200BD9E50 /* CustomEventCell.m */; };
		BF14B0231641D34900BD9E50 /* CustomEventCell.xib in Resources */ = {isa = PBXBuildFile; fileRef = BF14B0221641D34900BD9E50 /* CustomEventCell.xib */; };
		BF14B04016425CDF00BD9E50 /* FavEventInfoViewController.m in Sources */ = {isa = PBXBuildFile; fileRef = BF14B03E16425CDF00BD9E50 /* FavEventInfoViewController.m */; };
		BF14B04116425CDF00BD9E50 /* FavEventInfoViewController.xib in Resources */ = {isa = PBXBuildFile; fileRef = BF14B03F16425CDF00BD9E50 /* FavEventInfoViewController.xib */; };
		BF14B04D1642729400BD9E50 /* HostModalViewController.m in Sources */ = {isa = PBXBuildFile; fileRef = BF14B04B1642729300BD9E50 /* HostModalViewController.m */; };
		BF14B04E1642729400BD9E50 /* HostModalViewController.xib in Resources */ = {isa = PBXBuildFile; fileRef = BF14B04C1642729400BD9E50 /* HostModalViewController.xib */; };
		BF14B0521642F42000BD9E50 /* Twitter-icon.png in Resources */ = {isa = PBXBuildFile; fileRef = BF14B0511642F41F00BD9E50 /* Twitter-icon.png */; };
		BF14B0541642F49F00BD9E50 /* facebook-icon-1.png in Resources */ = {isa = PBXBuildFile; fileRef = BF14B0531642F49E00BD9E50 /* facebook-icon-1.png */; };
		BF14B0561642F52100BD9E50 /* Cam.png in Resources */ = {isa = PBXBuildFile; fileRef = BF14B0551642F52100BD9E50 /* Cam.png */; };
		BF14B0581642F52800BD9E50 /* vCam.png in Resources */ = {isa = PBXBuildFile; fileRef = BF14B0571642F52800BD9E50 /* vCam.png */; };
		BF14B05A1642F53600BD9E50 /* cancel.png in Resources */ = {isa = PBXBuildFile; fileRef = BF14B0591642F53600BD9E50 /* cancel.png */; };
		BF14B05C1642F53D00BD9E50 /* save.png in Resources */ = {isa = PBXBuildFile; fileRef = BF14B05B1642F53D00BD9E50 /* save.png */; };
		BF14B05E1642F8B300BD9E50 /* Sidebar-Movies-icon.png in Resources */ = {isa = PBXBuildFile; fileRef = BF14B05D1642F8B300BD9E50 /* Sidebar-Movies-icon.png */; };
		BF14B0601642F8BC00BD9E50 /* Sidebar-Pictures-icon.png in Resources */ = {isa = PBXBuildFile; fileRef = BF14B05F1642F8BC00BD9E50 /* Sidebar-Pictures-icon.png */; };
		BF14B0641642F9FC00BD9E50 /* FavoritesViewController.m in Sources */ = {isa = PBXBuildFile; fileRef = BF14B0621642F9FB00BD9E50 /* FavoritesViewController.m */; };
		BF14B0651642F9FC00BD9E50 /* FavoritesViewController.xib in Resources */ = {isa = PBXBuildFile; fileRef = BF14B0631642F9FC00BD9E50 /* FavoritesViewController.xib */; };
		BF14B06916430BC800BD9E50 /* littleCamIcon.png in Resources */ = {isa = PBXBuildFile; fileRef = BF14B06816430BC800BD9E50 /* littleCamIcon.png */; };
		BF14B06E16434F9700BD9E50 /* EventInfoViewController.m in Sources */ = {isa = PBXBuildFile; fileRef = BF14B06D16434F9600BD9E50 /* EventInfoViewController.m */; };
		BF14B07016434FA400BD9E50 /* EventInfoViewController.xib in Resources */ = {isa = PBXBuildFile; fileRef = BF14B06F16434FA300BD9E50 /* EventInfoViewController.xib */; };
		BF14B0761643645700BD9E50 /* duh.png in Resources */ = {isa = PBXBuildFile; fileRef = BF14B0751643645400BD9E50 /* duh.png */; };
		BF4F055916487B7100CC7AFE /* MobileCoreServices.framework in Frameworks */ = {isa = PBXBuildFile; fileRef = BF4F055816487B7100CC7AFE /* MobileCoreServices.framework */; };
		BF4F055C164885CD00CC7AFE /* AnTirLaunch.png in Resources */ = {isa = PBXBuildFile; fileRef = BF4F055B164885CD00CC7AFE /* AnTirLaunch.png */; };
		BF4F055D1648865200CC7AFE /* Default.png in Resources */ = {isa = PBXBuildFile; fileRef = BFEF6220163EFE6D0054F566 /* Default.png */; };
		BF4F055F1648871700CC7AFE /* Default@2x.png in Resources */ = {isa = PBXBuildFile; fileRef = BFEF6222163EFE6D0054F566 /* Default@2x.png */; };
		BF4F05611648872400CC7AFE /* AnTirLaunch@2.png in Resources */ = {isa = PBXBuildFile; fileRef = BF4F05601648872400CC7AFE /* AnTirLaunch@2.png */; };
		BF4F056B164899A100CC7AFE /* Accounts.framework in Frameworks */ = {isa = PBXBuildFile; fileRef = BF4F056A164899A100CC7AFE /* Accounts.framework */; };
		BF4F056D16490A6900CC7AFE /* Twitter.framework in Frameworks */ = {isa = PBXBuildFile; fileRef = BF4F056C16490A6900CC7AFE /* Twitter.framework */; };
		BF4F056F16490C6200CC7AFE /* Social.framework in Frameworks */ = {isa = PBXBuildFile; fileRef = BF4F056E16490C6200CC7AFE /* Social.framework */; };
		BF4F0581164B0BE100CC7AFE /* SmashDate.plist in Resources */ = {isa = PBXBuildFile; fileRef = BF4F0580164B0BE100CC7AFE /* SmashDate.plist */; };
		BF4F058C164CB0C700CC7AFE /* Default-568h@2x.png in Resources */ = {isa = PBXBuildFile; fileRef = BF4F058B164CB0C700CC7AFE /* Default-568h@2x.png */; };
		BF4F06051651C19900CC7AFE /* HostViewController.m in Sources */ = {isa = PBXBuildFile; fileRef = BF4F06031651C19800CC7AFE /* HostViewController.m */; };
		BF4F06061651C19900CC7AFE /* HostViewController.xib in Resources */ = {isa = PBXBuildFile; fileRef = BF4F06041651C19900CC7AFE /* HostViewController.xib */; };
		BFEF620F163EFE6D0054F566 /* UIKit.framework in Frameworks */ = {isa = PBXBuildFile; fileRef = BFEF620E163EFE6D0054F566 /* UIKit.framework */; };
		BFEF6211163EFE6D0054F566 /* Foundation.framework in Frameworks */ = {isa = PBXBuildFile; fileRef = BFEF6210163EFE6D0054F566 /* Foundation.framework */; };
		BFEF6213163EFE6D0054F566 /* CoreGraphics.framework in Frameworks */ = {isa = PBXBuildFile; fileRef = BFEF6212163EFE6D0054F566 /* CoreGraphics.framework */; };
		BFEF6219163EFE6D0054F566 /* InfoPlist.strings in Resources */ = {isa = PBXBuildFile; fileRef = BFEF6217163EFE6D0054F566 /* InfoPlist.strings */; };
		BFEF621B163EFE6D0054F566 /* main.m in Sources */ = {isa = PBXBuildFile; fileRef = BFEF621A163EFE6D0054F566 /* main.m */; };
		BFEF621F163EFE6D0054F566 /* AppDelegate.m in Sources */ = {isa = PBXBuildFile; fileRef = BFEF621E163EFE6D0054F566 /* AppDelegate.m */; };
		BFEF622A163EFE6D0054F566 /* first.png in Resources */ = {isa = PBXBuildFile; fileRef = BFEF6229163EFE6D0054F566 /* first.png */; };
		BFEF622C163EFE6D0054F566 /* first@2x.png in Resources */ = {isa = PBXBuildFile; fileRef = BFEF622B163EFE6D0054F566 /* first@2x.png */; };
		BFEF6231163EFE6D0054F566 /* second.png in Resources */ = {isa = PBXBuildFile; fileRef = BFEF6230163EFE6D0054F566 /* second.png */; };
		BFEF6233163EFE6D0054F566 /* second@2x.png in Resources */ = {isa = PBXBuildFile; fileRef = BFEF6232163EFE6D0054F566 /* second@2x.png */; };
		BFEF6243163F00840054F566 /* HomepageViewController.m in Sources */ = {isa = PBXBuildFile; fileRef = BFEF6241163F00840054F566 /* HomepageViewController.m */; };
		BFEF6244163F00840054F566 /* HomepageViewController.xib in Resources */ = {isa = PBXBuildFile; fileRef = BFEF6242163F00840054F566 /* HomepageViewController.xib */; };
		BFEF6247163F00E50054F566 /* list.png in Resources */ = {isa = PBXBuildFile; fileRef = BFEF6246163F00E50054F566 /* list.png */; };
		BFEF6249163F00ED0054F566 /* house.png in Resources */ = {isa = PBXBuildFile; fileRef = BFEF6248163F00ED0054F566 /* house.png */; };
		BFEF624B163F00F20054F566 /* star.png in Resources */ = {isa = PBXBuildFile; fileRef = BFEF624A163F00F20054F566 /* star.png */; };
		BFEF624D163F00F70054F566 /* SCA-WaterMark.png in Resources */ = {isa = PBXBuildFile; fileRef = BFEF624C163F00F70054F566 /* SCA-WaterMark.png */; };
		BFEF624F163F00FB0054F566 /* map.png in Resources */ = {isa = PBXBuildFile; fileRef = BFEF624E163F00FB0054F566 /* map.png */; };
		BFEF6251163F01000054F566 /* SCA-LRG-Image.png in Resources */ = {isa = PBXBuildFile; fileRef = BFEF6250163F01000054F566 /* SCA-LRG-Image.png */; };
		BFEF6253163F0C9C0054F566 /* NewANTIRlogo.png in Resources */ = {isa = PBXBuildFile; fileRef = BFEF6252163F0C9C0054F566 /* NewANTIRlogo.png */; };
		BFEF626C163F2B540054F566 /* EventsViewController.m in Sources */ = {isa = PBXBuildFile; fileRef = BFEF626A163F2B540054F566 /* EventsViewController.m */; };
		BFEF626D163F2B540054F566 /* EventsViewController.xib in Resources */ = {isa = PBXBuildFile; fileRef = BFEF626B163F2B540054F566 /* EventsViewController.xib */; };
		BFEF6276163F2E140054F566 /* SettingsViewController.m in Sources */ = {isa = PBXBuildFile; fileRef = BFEF6274163F2E140054F566 /* SettingsViewController.m */; };
		BFEF6277163F2E140054F566 /* SettingsViewController.xib in Resources */ = {isa = PBXBuildFile; fileRef = BFEF6275163F2E140054F566 /* SettingsViewController.xib */; };
		BFEF627B163F2E2F0054F566 /* MemoriesViewController.m in Sources */ = {isa = PBXBuildFile; fileRef = BFEF6279163F2E2F0054F566 /* MemoriesViewController.m */; };
		BFEF627C163F2E2F0054F566 /* MemoriesViewController.xib in Resources */ = {isa = PBXBuildFile; fileRef = BFEF627A163F2E2F0054F566 /* MemoriesViewController.xib */; };
		BFEF627E163F2ED00054F566 /* settings.png in Resources */ = {isa = PBXBuildFile; fileRef = BFEF627D163F2ED00054F566 /* settings.png */; };
		BFEF6290163F3BC70054F566 /* NSObject+SBJSON.m in Sources */ = {isa = PBXBuildFile; fileRef = BFEF6285163F3BC70054F566 /* NSObject+SBJSON.m */; };
		BFEF6291163F3BC70054F566 /* NSString+SBJSON.m in Sources */ = {isa = PBXBuildFile; fileRef = BFEF6287163F3BC70054F566 /* NSString+SBJSON.m */; };
		BFEF6292163F3BC70054F566 /* SBJSON.m in Sources */ = {isa = PBXBuildFile; fileRef = BFEF6289163F3BC70054F566 /* SBJSON.m */; };
		BFEF6293163F3BC70054F566 /* SBJsonBase.m in Sources */ = {isa = PBXBuildFile; fileRef = BFEF628B163F3BC70054F566 /* SBJsonBase.m */; };
		BFEF6294163F3BC70054F566 /* SBJsonParser.m in Sources */ = {isa = PBXBuildFile; fileRef = BFEF628D163F3BC70054F566 /* SBJsonParser.m */; };
		BFEF6295163F3BC70054F566 /* SBJsonWriter.m in Sources */ = {isa = PBXBuildFile; fileRef = BFEF628F163F3BC70054F566 /* SBJsonWriter.m */; };
		BFEF629F163F3DEC0054F566 /* eventClass.m in Sources */ = {isa = PBXBuildFile; fileRef = BFEF6298163F3DEC0054F566 /* eventClass.m */; };
		BFEF62A0163F3DEC0054F566 /* eventFactory.m in Sources */ = {isa = PBXBuildFile; fileRef = BFEF629A163F3DEC0054F566 /* eventFactory.m */; };
		BFEF62A1163F3DEC0054F566 /* normEventLVL.m in Sources */ = {isa = PBXBuildFile; fileRef = BFEF629C163F3DEC0054F566 /* normEventLVL.m */; };
		BFEF62A2163F3DEC0054F566 /* kingEventLVL.m in Sources */ = {isa = PBXBuildFile; fileRef = BFEF629E163F3DEC0054F566 /* kingEventLVL.m */; };
		BFEF62A4163F3EFA0054F566 /* data.plist in Resources */ = {isa = PBXBuildFile; fileRef = BFEF62A3163F3EFA0054F566 /* data.plist */; };
		BFEF62B1163F49F40054F566 /* baronyCell.m in Sources */ = {isa = PBXBuildFile; fileRef = BFEF62B0163F49F30054F566 /* baronyCell.m */; };
		BFEF62B3163F4A1C0054F566 /* baronyCell.xib in Resources */ = {isa = PBXBuildFile; fileRef = BFEF62B2163F4A1C0054F566 /* baronyCell.xib */; };
		BFEF62BE163F97410054F566 /* AreaListViewController.m in Sources */ = {isa = PBXBuildFile; fileRef = BFEF62BC163F97400054F566 /* AreaListViewController.m */; };
		BFEF62BF163F97410054F566 /* AreaListViewController.xib in Resources */ = {isa = PBXBuildFile; fileRef = BFEF62BD163F97400054F566 /* AreaListViewController.xib */; };
		BFEF62E01640899C0054F566 /* EventKit.framework in Frameworks */ = {isa = PBXBuildFile; fileRef = BFEF62DF1640899B0054F566 /* EventKit.framework */; };
		BFEF62E61640C2500054F566 /* twitOutline.png in Resources */ = {isa = PBXBuildFile; fileRef = BFEF62E51640C2500054F566 /* twitOutline.png */; };
/* End PBXBuildFile section */

/* Begin PBXFileReference section */
		BF14B01F1641D33200BD9E50 /* CustomEventCell.h */ = {isa = PBXFileReference; fileEncoding = 4; lastKnownFileType = sourcecode.c.h; name = CustomEventCell.h; path = ../CustomEventCell.h; sourceTree = "<group>"; };
		BF14B0201641D33200BD9E50 /* CustomEventCell.m */ = {isa = PBXFileReference; fileEncoding = 4; lastKnownFileType = sourcecode.c.objc; name = CustomEventCell.m; path = ../CustomEventCell.m; sourceTree = "<group>"; };
		BF14B0221641D34900BD9E50 /* CustomEventCell.xib */ = {isa = PBXFileReference; fileEncoding = 4; lastKnownFileType = file.xib; name = CustomEventCell.xib; path = ../CustomEventCell.xib; sourceTree = "<group>"; };
		BF14B03D16425CDF00BD9E50 /* FavEventInfoViewController.h */ = {isa = PBXFileReference; fileEncoding = 4; lastKnownFileType = sourcecode.c.h; path = FavEventInfoViewController.h; sourceTree = "<group>"; };
		BF14B03E16425CDF00BD9E50 /* FavEventInfoViewController.m */ = {isa = PBXFileReference; fileEncoding = 4; lastKnownFileType = sourcecode.c.objc; path = FavEventInfoViewController.m; sourceTree = "<group>"; };
		BF14B03F16425CDF00BD9E50 /* FavEventInfoViewController.xib */ = {isa = PBXFileReference; fileEncoding = 4; lastKnownFileType = file.xib; path = FavEventInfoViewController.xib; sourceTree = "<group>"; };
		BF14B04A1642729300BD9E50 /* HostModalViewController.h */ = {isa = PBXFileReference; fileEncoding = 4; lastKnownFileType = sourcecode.c.h; path = HostModalViewController.h; sourceTree = "<group>"; };
		BF14B04B1642729300BD9E50 /* HostModalViewController.m */ = {isa = PBXFileReference; fileEncoding = 4; lastKnownFileType = sourcecode.c.objc; path = HostModalViewController.m; sourceTree = "<group>"; };
		BF14B04C1642729400BD9E50 /* HostModalViewController.xib */ = {isa = PBXFileReference; fileEncoding = 4; lastKnownFileType = file.xib; path = HostModalViewController.xib; sourceTree = "<group>"; };
		BF14B0511642F41F00BD9E50 /* Twitter-icon.png */ = {isa = PBXFileReference; lastKnownFileType = image.png; name = "Twitter-icon.png"; path = "../../../../../Downloads/Twitter-icon.png"; sourceTree = "<group>"; };
		BF14B0531642F49E00BD9E50 /* facebook-icon-1.png */ = {isa = PBXFileReference; lastKnownFileType = image.png; name = "facebook-icon-1.png"; path = "../../../../../Downloads/facebook-icon-1.png"; sourceTree = "<group>"; };
		BF14B0551642F52100BD9E50 /* Cam.png */ = {isa = PBXFileReference; lastKnownFileType = image.png; name = Cam.png; path = ../../../MDF2/Cam.png; sourceTree = "<group>"; };
		BF14B0571642F52800BD9E50 /* vCam.png */ = {isa = PBXFileReference; lastKnownFileType = image.png; name = vCam.png; path = ../../../MDF2/vCam.png; sourceTree = "<group>"; };
		BF14B0591642F53600BD9E50 /* cancel.png */ = {isa = PBXFileReference; lastKnownFileType = image.png; name = cancel.png; path = ../../../MDF2/cancel.png; sourceTree = "<group>"; };
		BF14B05B1642F53D00BD9E50 /* save.png */ = {isa = PBXFileReference; lastKnownFileType = image.png; name = save.png; path = ../../../MDF2/save.png; sourceTree = "<group>"; };
		BF14B05D1642F8B300BD9E50 /* Sidebar-Movies-icon.png */ = {isa = PBXFileReference; lastKnownFileType = image.png; name = "Sidebar-Movies-icon.png"; path = "../../../../../Downloads/Sidebar-Movies-icon.png"; sourceTree = "<group>"; };
		BF14B05F1642F8BC00BD9E50 /* Sidebar-Pictures-icon.png */ = {isa = PBXFileReference; lastKnownFileType = image.png; name = "Sidebar-Pictures-icon.png"; path = "../../../../../Downloads/Sidebar-Pictures-icon.png"; sourceTree = "<group>"; };
		BF14B0611642F9FA00BD9E50 /* FavoritesViewController.h */ = {isa = PBXFileReference; fileEncoding = 4; lastKnownFileType = sourcecode.c.h; path = FavoritesViewController.h; sourceTree = "<group>"; };
		BF14B0621642F9FB00BD9E50 /* FavoritesViewController.m */ = {isa = PBXFileReference; fileEncoding = 4; lastKnownFileType = sourcecode.c.objc; path = FavoritesViewController.m; sourceTree = "<group>"; };
		BF14B0631642F9FC00BD9E50 /* FavoritesViewController.xib */ = {isa = PBXFileReference; fileEncoding = 4; lastKnownFileType = file.xib; path = FavoritesViewController.xib; sourceTree = "<group>"; };
		BF14B06816430BC800BD9E50 /* littleCamIcon.png */ = {isa = PBXFileReference; lastKnownFileType = image.png; path = littleCamIcon.png; sourceTree = "<group>"; };
		BF14B06C16434F8500BD9E50 /* EventInfoViewController.h */ = {isa = PBXFileReference; fileEncoding = 4; lastKnownFileType = sourcecode.c.h; path = EventInfoViewController.h; sourceTree = "<group>"; };
		BF14B06D16434F9600BD9E50 /* EventInfoViewController.m */ = {isa = PBXFileReference; fileEncoding = 4; lastKnownFileType = sourcecode.c.objc; path = EventInfoViewController.m; sourceTree = "<group>"; };
		BF14B06F16434FA300BD9E50 /* EventInfoViewController.xib */ = {isa = PBXFileReference; fileEncoding = 4; lastKnownFileType = file.xib; path = EventInfoViewController.xib; sourceTree = "<group>"; };
		BF14B0751643645400BD9E50 /* duh.png */ = {isa = PBXFileReference; lastKnownFileType = image.png; name = duh.png; path = ../duh.png; sourceTree = "<group>"; };
		BF4F055816487B7100CC7AFE /* MobileCoreServices.framework */ = {isa = PBXFileReference; lastKnownFileType = wrapper.framework; name = MobileCoreServices.framework; path = System/Library/Frameworks/MobileCoreServices.framework; sourceTree = SDKROOT; };
		BF4F055B164885CD00CC7AFE /* AnTirLaunch.png */ = {isa = PBXFileReference; lastKnownFileType = image.png; path = AnTirLaunch.png; sourceTree = "<group>"; };
		BF4F05601648872400CC7AFE /* AnTirLaunch@2.png */ = {isa = PBXFileReference; lastKnownFileType = image.png; path = "AnTirLaunch@2.png"; sourceTree = "<group>"; };
		BF4F056A164899A100CC7AFE /* Accounts.framework */ = {isa = PBXFileReference; lastKnownFileType = wrapper.framework; name = Accounts.framework; path = System/Library/Frameworks/Accounts.framework; sourceTree = SDKROOT; };
		BF4F056C16490A6900CC7AFE /* Twitter.framework */ = {isa = PBXFileReference; lastKnownFileType = wrapper.framework; name = Twitter.framework; path = System/Library/Frameworks/Twitter.framework; sourceTree = SDKROOT; };
		BF4F056E16490C6200CC7AFE /* Social.framework */ = {isa = PBXFileReference; lastKnownFileType = wrapper.framework; name = Social.framework; path = System/Library/Frameworks/Social.framework; sourceTree = SDKROOT; };
		BF4F0580164B0BE100CC7AFE /* SmashDate.plist */ = {isa = PBXFileReference; fileEncoding = 4; lastKnownFileType = text.plist.xml; path = SmashDate.plist; sourceTree = "<group>"; };
		BF4F058B164CB0C700CC7AFE /* Default-568h@2x.png */ = {isa = PBXFileReference; lastKnownFileType = image.png; path = "Default-568h@2x.png"; sourceTree = "<group>"; };
		BF4F06021651C19800CC7AFE /* HostViewController.h */ = {isa = PBXFileReference; fileEncoding = 4; lastKnownFileType = sourcecode.c.h; path = HostViewController.h; sourceTree = "<group>"; };
		BF4F06031651C19800CC7AFE /* HostViewController.m */ = {isa = PBXFileReference; fileEncoding = 4; lastKnownFileType = sourcecode.c.objc; path = HostViewController.m; sourceTree = "<group>"; };
		BF4F06041651C19900CC7AFE /* HostViewController.xib */ = {isa = PBXFileReference; fileEncoding = 4; lastKnownFileType = file.xib; path = HostViewController.xib; sourceTree = "<group>"; };
		BFEF620A163EFE6D0054F566 /* AnTir-EventList.app */ = {isa = PBXFileReference; explicitFileType = wrapper.application; includeInIndex = 0; path = "AnTir-EventList.app"; sourceTree = BUILT_PRODUCTS_DIR; };
		BFEF620E163EFE6D0054F566 /* UIKit.framework */ = {isa = PBXFileReference; lastKnownFileType = wrapper.framework; name = UIKit.framework; path = System/Library/Frameworks/UIKit.framework; sourceTree = SDKROOT; };
		BFEF6210163EFE6D0054F566 /* Foundation.framework */ = {isa = PBXFileReference; lastKnownFileType = wrapper.framework; name = Foundation.framework; path = System/Library/Frameworks/Foundation.framework; sourceTree = SDKROOT; };
		BFEF6212163EFE6D0054F566 /* CoreGraphics.framework */ = {isa = PBXFileReference; lastKnownFileType = wrapper.framework; name = CoreGraphics.framework; path = System/Library/Frameworks/CoreGraphics.framework; sourceTree = SDKROOT; };
		BFEF6216163EFE6D0054F566 /* AnTir-EventList-Info.plist */ = {isa = PBXFileReference; lastKnownFileType = text.plist.xml; path = "AnTir-EventList-Info.plist"; sourceTree = "<group>"; };
		BFEF6218163EFE6D0054F566 /* en */ = {isa = PBXFileReference; lastKnownFileType = text.plist.strings; name = en; path = en.lproj/InfoPlist.strings; sourceTree = "<group>"; };
		BFEF621A163EFE6D0054F566 /* main.m */ = {isa = PBXFileReference; lastKnownFileType = sourcecode.c.objc; path = main.m; sourceTree = "<group>"; };
		BFEF621C163EFE6D0054F566 /* AnTir-EventList-Prefix.pch */ = {isa = PBXFileReference; lastKnownFileType = sourcecode.c.h; path = "AnTir-EventList-Prefix.pch"; sourceTree = "<group>"; };
		BFEF621D163EFE6D0054F566 /* AppDelegate.h */ = {isa = PBXFileReference; lastKnownFileType = sourcecode.c.h; path = AppDelegate.h; sourceTree = "<group>"; };
		BFEF621E163EFE6D0054F566 /* AppDelegate.m */ = {isa = PBXFileReference; lastKnownFileType = sourcecode.c.objc; path = AppDelegate.m; sourceTree = "<group>"; };
		BFEF6220163EFE6D0054F566 /* Default.png */ = {isa = PBXFileReference; lastKnownFileType = image.png; path = Default.png; sourceTree = "<group>"; };
		BFEF6222163EFE6D0054F566 /* Default@2x.png */ = {isa = PBXFileReference; lastKnownFileType = image.png; path = "Default@2x.png"; sourceTree = "<group>"; };
		BFEF6224163EFE6D0054F566 /* Default-568h@2x.png */ = {isa = PBXFileReference; lastKnownFileType = image.png; path = "Default-568h@2x.png"; sourceTree = "<group>"; };
		BFEF6229163EFE6D0054F566 /* first.png */ = {isa = PBXFileReference; lastKnownFileType = image.png; path = first.png; sourceTree = "<group>"; };
		BFEF622B163EFE6D0054F566 /* first@2x.png */ = {isa = PBXFileReference; lastKnownFileType = image.png; path = "first@2x.png"; sourceTree = "<group>"; };
		BFEF6230163EFE6D0054F566 /* second.png */ = {isa = PBXFileReference; lastKnownFileType = image.png; path = second.png; sourceTree = "<group>"; };
		BFEF6232163EFE6D0054F566 /* second@2x.png */ = {isa = PBXFileReference; lastKnownFileType = image.png; path = "second@2x.png"; sourceTree = "<group>"; };
		BFEF6240163F00840054F566 /* HomepageViewController.h */ = {isa = PBXFileReference; fileEncoding = 4; lastKnownFileType = sourcecode.c.h; name = HomepageViewController.h; path = ../HomepageViewController.h; sourceTree = "<group>"; };
		BFEF6241163F00840054F566 /* HomepageViewController.m */ = {isa = PBXFileReference; fileEncoding = 4; lastKnownFileType = sourcecode.c.objc; name = HomepageViewController.m; path = ../HomepageViewController.m; sourceTree = "<group>"; };
		BFEF6242163F00840054F566 /* HomepageViewController.xib */ = {isa = PBXFileReference; fileEncoding = 4; lastKnownFileType = file.xib; name = HomepageViewController.xib; path = ../HomepageViewController.xib; sourceTree = "<group>"; };
		BFEF6246163F00E50054F566 /* list.png */ = {isa = PBXFileReference; lastKnownFileType = image.png; path = list.png; sourceTree = "<group>"; };
		BFEF6248163F00ED0054F566 /* house.png */ = {isa = PBXFileReference; lastKnownFileType = image.png; path = house.png; sourceTree = "<group>"; };
		BFEF624A163F00F20054F566 /* star.png */ = {isa = PBXFileReference; lastKnownFileType = image.png; path = star.png; sourceTree = "<group>"; };
		BFEF624C163F00F70054F566 /* SCA-WaterMark.png */ = {isa = PBXFileReference; lastKnownFileType = image.png; path = "SCA-WaterMark.png"; sourceTree = "<group>"; };
		BFEF624E163F00FB0054F566 /* map.png */ = {isa = PBXFileReference; lastKnownFileType = image.png; path = map.png; sourceTree = "<group>"; };
		BFEF6250163F01000054F566 /* SCA-LRG-Image.png */ = {isa = PBXFileReference; lastKnownFileType = image.png; path = "SCA-LRG-Image.png"; sourceTree = "<group>"; };
		BFEF6252163F0C9C0054F566 /* NewANTIRlogo.png */ = {isa = PBXFileReference; lastKnownFileType = image.png; path = NewANTIRlogo.png; sourceTree = "<group>"; };
		BFEF6269163F2B540054F566 /* EventsViewController.h */ = {isa = PBXFileReference; fileEncoding = 4; lastKnownFileType = sourcecode.c.h; path = EventsViewController.h; sourceTree = "<group>"; };
		BFEF626A163F2B540054F566 /* EventsViewController.m */ = {isa = PBXFileReference; fileEncoding = 4; lastKnownFileType = sourcecode.c.objc; path = EventsViewController.m; sourceTree = "<group>"; };
		BFEF626B163F2B540054F566 /* EventsViewController.xib */ = {isa = PBXFileReference; fileEncoding = 4; lastKnownFileType = file.xib; path = EventsViewController.xib; sourceTree = "<group>"; };
		BFEF6273163F2E140054F566 /* SettingsViewController.h */ = {isa = PBXFileReference; fileEncoding = 4; lastKnownFileType = sourcecode.c.h; path = SettingsViewController.h; sourceTree = "<group>"; };
		BFEF6274163F2E140054F566 /* SettingsViewController.m */ = {isa = PBXFileReference; fileEncoding = 4; lastKnownFileType = sourcecode.c.objc; path = SettingsViewController.m; sourceTree = "<group>"; };
		BFEF6275163F2E140054F566 /* SettingsViewController.xib */ = {isa = PBXFileReference; fileEncoding = 4; lastKnownFileType = file.xib; path = SettingsViewController.xib; sourceTree = "<group>"; };
		BFEF6278163F2E2F0054F566 /* MemoriesViewController.h */ = {isa = PBXFileReference; fileEncoding = 4; lastKnownFileType = sourcecode.c.h; path = MemoriesViewController.h; sourceTree = "<group>"; };
		BFEF6279163F2E2F0054F566 /* MemoriesViewController.m */ = {isa = PBXFileReference; fileEncoding = 4; lastKnownFileType = sourcecode.c.objc; path = MemoriesViewController.m; sourceTree = "<group>"; };
		BFEF627A163F2E2F0054F566 /* MemoriesViewController.xib */ = {isa = PBXFileReference; fileEncoding = 4; lastKnownFileType = file.xib; path = MemoriesViewController.xib; sourceTree = "<group>"; };
		BFEF627D163F2ED00054F566 /* settings.png */ = {isa = PBXFileReference; lastKnownFileType = image.png; path = settings.png; sourceTree = "<group>"; };
		BFEF6283163F3BC70054F566 /* JSON.h */ = {isa = PBXFileReference; fileEncoding = 4; lastKnownFileType = sourcecode.c.h; path = JSON.h; sourceTree = "<group>"; };
		BFEF6284163F3BC70054F566 /* NSObject+SBJSON.h */ = {isa = PBXFileReference; fileEncoding = 4; lastKnownFileType = sourcecode.c.h; path = "NSObject+SBJSON.h"; sourceTree = "<group>"; };
		BFEF6285163F3BC70054F566 /* NSObject+SBJSON.m */ = {isa = PBXFileReference; fileEncoding = 4; lastKnownFileType = sourcecode.c.objc; path = "NSObject+SBJSON.m"; sourceTree = "<group>"; };
		BFEF6286163F3BC70054F566 /* NSString+SBJSON.h */ = {isa = PBXFileReference; fileEncoding = 4; lastKnownFileType = sourcecode.c.h; path = "NSString+SBJSON.h"; sourceTree = "<group>"; };
		BFEF6287163F3BC70054F566 /* NSString+SBJSON.m */ = {isa = PBXFileReference; fileEncoding = 4; lastKnownFileType = sourcecode.c.objc; path = "NSString+SBJSON.m"; sourceTree = "<group>"; };
		BFEF6288163F3BC70054F566 /* SBJSON.h */ = {isa = PBXFileReference; fileEncoding = 4; lastKnownFileType = sourcecode.c.h; path = SBJSON.h; sourceTree = "<group>"; };
		BFEF6289163F3BC70054F566 /* SBJSON.m */ = {isa = PBXFileReference; fileEncoding = 4; lastKnownFileType = sourcecode.c.objc; path = SBJSON.m; sourceTree = "<group>"; };
		BFEF628A163F3BC70054F566 /* SBJsonBase.h */ = {isa = PBXFileReference; fileEncoding = 4; lastKnownFileType = sourcecode.c.h; path = SBJsonBase.h; sourceTree = "<group>"; };
		BFEF628B163F3BC70054F566 /* SBJsonBase.m */ = {isa = PBXFileReference; fileEncoding = 4; lastKnownFileType = sourcecode.c.objc; path = SBJsonBase.m; sourceTree = "<group>"; };
		BFEF628C163F3BC70054F566 /* SBJsonParser.h */ = {isa = PBXFileReference; fileEncoding = 4; lastKnownFileType = sourcecode.c.h; path = SBJsonParser.h; sourceTree = "<group>"; };
		BFEF628D163F3BC70054F566 /* SBJsonParser.m */ = {isa = PBXFileReference; fileEncoding = 4; lastKnownFileType = sourcecode.c.objc; path = SBJsonParser.m; sourceTree = "<group>"; };
		BFEF628E163F3BC70054F566 /* SBJsonWriter.h */ = {isa = PBXFileReference; fileEncoding = 4; lastKnownFileType = sourcecode.c.h; path = SBJsonWriter.h; sourceTree = "<group>"; };
		BFEF628F163F3BC70054F566 /* SBJsonWriter.m */ = {isa = PBXFileReference; fileEncoding = 4; lastKnownFileType = sourcecode.c.objc; path = SBJsonWriter.m; sourceTree = "<group>"; };
		BFEF6297163F3DEC0054F566 /* eventClass.h */ = {isa = PBXFileReference; fileEncoding = 4; lastKnownFileType = sourcecode.c.h; path = eventClass.h; sourceTree = "<group>"; };
		BFEF6298163F3DEC0054F566 /* eventClass.m */ = {isa = PBXFileReference; fileEncoding = 4; lastKnownFileType = sourcecode.c.objc; path = eventClass.m; sourceTree = "<group>"; };
		BFEF6299163F3DEC0054F566 /* eventFactory.h */ = {isa = PBXFileReference; fileEncoding = 4; lastKnownFileType = sourcecode.c.h; path = eventFactory.h; sourceTree = "<group>"; };
		BFEF629A163F3DEC0054F566 /* eventFactory.m */ = {isa = PBXFileReference; fileEncoding = 4; lastKnownFileType = sourcecode.c.objc; path = eventFactory.m; sourceTree = "<group>"; };
		BFEF629B163F3DEC0054F566 /* normEventLVL.h */ = {isa = PBXFileReference; fileEncoding = 4; lastKnownFileType = sourcecode.c.h; path = normEventLVL.h; sourceTree = "<group>"; };
		BFEF629C163F3DEC0054F566 /* normEventLVL.m */ = {isa = PBXFileReference; fileEncoding = 4; lastKnownFileType = sourcecode.c.objc; path = normEventLVL.m; sourceTree = "<group>"; };
		BFEF629D163F3DEC0054F566 /* kingEventLVL.h */ = {isa = PBXFileReference; fileEncoding = 4; lastKnownFileType = sourcecode.c.h; path = kingEventLVL.h; sourceTree = "<group>"; };
		BFEF629E163F3DEC0054F566 /* kingEventLVL.m */ = {isa = PBXFileReference; fileEncoding = 4; lastKnownFileType = sourcecode.c.objc; path = kingEventLVL.m; sourceTree = "<group>"; };
		BFEF62A3163F3EFA0054F566 /* data.plist */ = {isa = PBXFileReference; fileEncoding = 4; lastKnownFileType = text.plist.xml; path = data.plist; sourceTree = "<group>"; };
		BFEF62AF163F49F30054F566 /* baronyCell.h */ = {isa = PBXFileReference; fileEncoding = 4; lastKnownFileType = sourcecode.c.h; path = baronyCell.h; sourceTree = "<group>"; };
		BFEF62B0163F49F30054F566 /* baronyCell.m */ = {isa = PBXFileReference; fileEncoding = 4; lastKnownFileType = sourcecode.c.objc; path = baronyCell.m; sourceTree = "<group>"; };
		BFEF62B2163F4A1C0054F566 /* baronyCell.xib */ = {isa = PBXFileReference; fileEncoding = 4; lastKnownFileType = file.xib; path = baronyCell.xib; sourceTree = "<group>"; };
		BFEF62BB163F973F0054F566 /* AreaListViewController.h */ = {isa = PBXFileReference; fileEncoding = 4; lastKnownFileType = sourcecode.c.h; path = AreaListViewController.h; sourceTree = "<group>"; };
		BFEF62BC163F97400054F566 /* AreaListViewController.m */ = {isa = PBXFileReference; fileEncoding = 4; lastKnownFileType = sourcecode.c.objc; path = AreaListViewController.m; sourceTree = "<group>"; };
		BFEF62BD163F97400054F566 /* AreaListViewController.xib */ = {isa = PBXFileReference; fileEncoding = 4; lastKnownFileType = file.xib; path = AreaListViewController.xib; sourceTree = "<group>"; };
		BFEF62DF1640899B0054F566 /* EventKit.framework */ = {isa = PBXFileReference; lastKnownFileType = wrapper.framework; name = EventKit.framework; path = System/Library/Frameworks/EventKit.framework; sourceTree = SDKROOT; };
		BFEF62E51640C2500054F566 /* twitOutline.png */ = {isa = PBXFileReference; lastKnownFileType = image.png; path = twitOutline.png; sourceTree = "<group>"; };
/* End PBXFileReference section */

/* Begin PBXFrameworksBuildPhase section */
		BFEF6207163EFE6D0054F566 /* Frameworks */ = {
			isa = PBXFrameworksBuildPhase;
			buildActionMask = 2147483647;
			files = (
				BF4F056F16490C6200CC7AFE /* Social.framework in Frameworks */,
				BF4F056D16490A6900CC7AFE /* Twitter.framework in Frameworks */,
				BF4F056B164899A100CC7AFE /* Accounts.framework in Frameworks */,
				BF4F055916487B7100CC7AFE /* MobileCoreServices.framework in Frameworks */,
				BFEF62E01640899C0054F566 /* EventKit.framework in Frameworks */,
				BFEF620F163EFE6D0054F566 /* UIKit.framework in Frameworks */,
				BFEF6211163EFE6D0054F566 /* Foundation.framework in Frameworks */,
				BFEF6213163EFE6D0054F566 /* CoreGraphics.framework in Frameworks */,
			);
			runOnlyForDeploymentPostprocessing = 0;
		};
/* End PBXFrameworksBuildPhase section */

/* Begin PBXGroup section */
		BF14B0191641D1FA00BD9E50 /* New Group */ = {
			isa = PBXGroup;
			children = (
			);
			name = "New Group";
			sourceTree = "<group>";
		};
		BFEF61FF163EFE6D0054F566 = {
			isa = PBXGroup;
			children = (
				BF4F06021651C19800CC7AFE /* HostViewController.h */,
				BF4F06031651C19800CC7AFE /* HostViewController.m */,
				BF4F06041651C19900CC7AFE /* HostViewController.xib */,
				BF4F058B164CB0C700CC7AFE /* Default-568h@2x.png */,
				BFEF6214163EFE6D0054F566 /* AnTir-EventList */,
				BFEF620D163EFE6D0054F566 /* Frameworks */,
				BFEF620B163EFE6D0054F566 /* Products */,
			);
			sourceTree = "<group>";
		};
		BFEF620B163EFE6D0054F566 /* Products */ = {
			isa = PBXGroup;
			children = (
				BFEF620A163EFE6D0054F566 /* AnTir-EventList.app */,
			);
			name = Products;
			sourceTree = "<group>";
		};
		BFEF620D163EFE6D0054F566 /* Frameworks */ = {
			isa = PBXGroup;
			children = (
				BF4F056E16490C6200CC7AFE /* Social.framework */,
				BF4F056C16490A6900CC7AFE /* Twitter.framework */,
				BF4F056A164899A100CC7AFE /* Accounts.framework */,
				BF4F055816487B7100CC7AFE /* MobileCoreServices.framework */,
				BFEF62DF1640899B0054F566 /* EventKit.framework */,
				BFEF620E163EFE6D0054F566 /* UIKit.framework */,
				BFEF6210163EFE6D0054F566 /* Foundation.framework */,
				BFEF6212163EFE6D0054F566 /* CoreGraphics.framework */,
			);
			name = Frameworks;
			sourceTree = "<group>";
		};
		BFEF6214163EFE6D0054F566 /* AnTir-EventList */ = {
			isa = PBXGroup;
			children = (
				BF14B0191641D1FA00BD9E50 /* New Group */,
				BFEF621D163EFE6D0054F566 /* AppDelegate.h */,
				BFEF621E163EFE6D0054F566 /* AppDelegate.m */,
				BFEF6240163F00840054F566 /* HomepageViewController.h */,
				BFEF6241163F00840054F566 /* HomepageViewController.m */,
				BFEF6242163F00840054F566 /* HomepageViewController.xib */,
				BFEF62BB163F973F0054F566 /* AreaListViewController.h */,
				BFEF62BC163F97400054F566 /* AreaListViewController.m */,
				BFEF62BD163F97400054F566 /* AreaListViewController.xib */,
				BFEF6269163F2B540054F566 /* EventsViewController.h */,
				BFEF626A163F2B540054F566 /* EventsViewController.m */,
				BFEF626B163F2B540054F566 /* EventsViewController.xib */,
				BF14B01F1641D33200BD9E50 /* CustomEventCell.h */,
				BF14B0201641D33200BD9E50 /* CustomEventCell.m */,
				BF14B0221641D34900BD9E50 /* CustomEventCell.xib */,
				BF14B06C16434F8500BD9E50 /* EventInfoViewController.h */,
				BF14B06D16434F9600BD9E50 /* EventInfoViewController.m */,
				BF14B06F16434FA300BD9E50 /* EventInfoViewController.xib */,
				BF14B0611642F9FA00BD9E50 /* FavoritesViewController.h */,
				BF14B0621642F9FB00BD9E50 /* FavoritesViewController.m */,
				BF14B0631642F9FC00BD9E50 /* FavoritesViewController.xib */,
				BF14B03D16425CDF00BD9E50 /* FavEventInfoViewController.h */,
				BF14B03E16425CDF00BD9E50 /* FavEventInfoViewController.m */,
				BF14B03F16425CDF00BD9E50 /* FavEventInfoViewController.xib */,
				BF14B04A1642729300BD9E50 /* HostModalViewController.h */,
				BF14B04B1642729300BD9E50 /* HostModalViewController.m */,
				BF14B04C1642729400BD9E50 /* HostModalViewController.xib */,
				BFEF6273163F2E140054F566 /* SettingsViewController.h */,
				BFEF6274163F2E140054F566 /* SettingsViewController.m */,
				BFEF6275163F2E140054F566 /* SettingsViewController.xib */,
				BFEF6278163F2E2F0054F566 /* MemoriesViewController.h */,
				BFEF6279163F2E2F0054F566 /* MemoriesViewController.m */,
				BFEF627A163F2E2F0054F566 /* MemoriesViewController.xib */,
				BFEF62AF163F49F30054F566 /* baronyCell.h */,
				BFEF62B0163F49F30054F566 /* baronyCell.m */,
				BFEF62B2163F4A1C0054F566 /* baronyCell.xib */,
				BFEF6296163F3DCC0054F566 /* Class */,
				BFEF6282163F3BAC0054F566 /* SBJSON */,
				BFEF6245163F00D10054F566 /* Images */,
				BFEF6215163EFE6D0054F566 /* Supporting Files */,
				BF4F0580164B0BE100CC7AFE /* SmashDate.plist */,
			);
			path = "AnTir-EventList";
			sourceTree = "<group>";
		};
		BFEF6215163EFE6D0054F566 /* Supporting Files */ = {
			isa = PBXGroup;
			children = (
				BFEF62A3163F3EFA0054F566 /* data.plist */,
				BFEF6216163EFE6D0054F566 /* AnTir-EventList-Info.plist */,
				BFEF6217163EFE6D0054F566 /* InfoPlist.strings */,
				BFEF621A163EFE6D0054F566 /* main.m */,
				BFEF621C163EFE6D0054F566 /* AnTir-EventList-Prefix.pch */,
				BFEF6220163EFE6D0054F566 /* Default.png */,
				BFEF6222163EFE6D0054F566 /* Default@2x.png */,
				BFEF6224163EFE6D0054F566 /* Default-568h@2x.png */,
			);
			name = "Supporting Files";
			sourceTree = "<group>";
		};
		BFEF6245163F00D10054F566 /* Images */ = {
			isa = PBXGroup;
			children = (
				BF14B0751643645400BD9E50 /* duh.png */,
				BF4F055B164885CD00CC7AFE /* AnTirLaunch.png */,
				BF4F05601648872400CC7AFE /* AnTirLaunch@2.png */,
				BF14B05F1642F8BC00BD9E50 /* Sidebar-Pictures-icon.png */,
				BF14B05D1642F8B300BD9E50 /* Sidebar-Movies-icon.png */,
				BF14B0511642F41F00BD9E50 /* Twitter-icon.png */,
				BF14B05B1642F53D00BD9E50 /* save.png */,
				BF14B0591642F53600BD9E50 /* cancel.png */,
				BF14B0571642F52800BD9E50 /* vCam.png */,
				BF14B06816430BC800BD9E50 /* littleCamIcon.png */,
				BF14B0551642F52100BD9E50 /* Cam.png */,
				BF14B0531642F49E00BD9E50 /* facebook-icon-1.png */,
				BFEF62E51640C2500054F566 /* twitOutline.png */,
				BFEF6252163F0C9C0054F566 /* NewANTIRlogo.png */,
				BFEF6250163F01000054F566 /* SCA-LRG-Image.png */,
				BFEF624E163F00FB0054F566 /* map.png */,
				BFEF624C163F00F70054F566 /* SCA-WaterMark.png */,
				BFEF624A163F00F20054F566 /* star.png */,
				BFEF6248163F00ED0054F566 /* house.png */,
				BFEF627D163F2ED00054F566 /* settings.png */,
				BFEF6246163F00E50054F566 /* list.png */,
				BFEF6229163EFE6D0054F566 /* first.png */,
				BFEF622B163EFE6D0054F566 /* first@2x.png */,
				BFEF6230163EFE6D0054F566 /* second.png */,
				BFEF6232163EFE6D0054F566 /* second@2x.png */,
			);
			name = Images;
			sourceTree = "<group>";
		};
		BFEF6282163F3BAC0054F566 /* SBJSON */ = {
			isa = PBXGroup;
			children = (
				BFEF6283163F3BC70054F566 /* JSON.h */,
				BFEF6284163F3BC70054F566 /* NSObject+SBJSON.h */,
				BFEF6285163F3BC70054F566 /* NSObject+SBJSON.m */,
				BFEF6286163F3BC70054F566 /* NSString+SBJSON.h */,
				BFEF6287163F3BC70054F566 /* NSString+SBJSON.m */,
				BFEF6288163F3BC70054F566 /* SBJSON.h */,
				BFEF6289163F3BC70054F566 /* SBJSON.m */,
				BFEF628A163F3BC70054F566 /* SBJsonBase.h */,
				BFEF628B163F3BC70054F566 /* SBJsonBase.m */,
				BFEF628C163F3BC70054F566 /* SBJsonParser.h */,
				BFEF628D163F3BC70054F566 /* SBJsonParser.m */,
				BFEF628E163F3BC70054F566 /* SBJsonWriter.h */,
				BFEF628F163F3BC70054F566 /* SBJsonWriter.m */,
			);
			name = SBJSON;
			sourceTree = "<group>";
		};
		BFEF6296163F3DCC0054F566 /* Class */ = {
			isa = PBXGroup;
			children = (
				BFEF6297163F3DEC0054F566 /* eventClass.h */,
				BFEF6298163F3DEC0054F566 /* eventClass.m */,
				BFEF6299163F3DEC0054F566 /* eventFactory.h */,
				BFEF629A163F3DEC0054F566 /* eventFactory.m */,
				BFEF629B163F3DEC0054F566 /* normEventLVL.h */,
				BFEF629C163F3DEC0054F566 /* normEventLVL.m */,
				BFEF629D163F3DEC0054F566 /* kingEventLVL.h */,
				BFEF629E163F3DEC0054F566 /* kingEventLVL.m */,
			);
			name = Class;
			sourceTree = "<group>";
		};
/* End PBXGroup section */

/* Begin PBXNativeTarget section */
		BFEF6209163EFE6D0054F566 /* AnTir-EventList */ = {
			isa = PBXNativeTarget;
			buildConfigurationList = BFEF623C163EFE6D0054F566 /* Build configuration list for PBXNativeTarget "AnTir-EventList" */;
			buildPhases = (
				BFEF6206163EFE6D0054F566 /* Sources */,
				BFEF6207163EFE6D0054F566 /* Frameworks */,
				BFEF6208163EFE6D0054F566 /* Resources */,
			);
			buildRules = (
			);
			dependencies = (
			);
			name = "AnTir-EventList";
			productName = "AnTir-EventList";
			productReference = BFEF620A163EFE6D0054F566 /* AnTir-EventList.app */;
			productType = "com.apple.product-type.application";
		};
/* End PBXNativeTarget section */

/* Begin PBXProject section */
		BFEF6201163EFE6D0054F566 /* Project object */ = {
			isa = PBXProject;
			attributes = {
				LastUpgradeCheck = 0450;
				ORGANIZATIONNAME = "Shae Klusman";
			};
			buildConfigurationList = BFEF6204163EFE6D0054F566 /* Build configuration list for PBXProject "AnTir-EventList" */;
			compatibilityVersion = "Xcode 3.2";
			developmentRegion = English;
			hasScannedForEncodings = 0;
			knownRegions = (
				en,
			);
			mainGroup = BFEF61FF163EFE6D0054F566;
			productRefGroup = BFEF620B163EFE6D0054F566 /* Products */;
			projectDirPath = "";
			projectRoot = "";
			targets = (
				BFEF6209163EFE6D0054F566 /* AnTir-EventList */,
			);
		};
/* End PBXProject section */

/* Begin PBXResourcesBuildPhase section */
		BFEF6208163EFE6D0054F566 /* Resources */ = {
			isa = PBXResourcesBuildPhase;
			buildActionMask = 2147483647;
			files = (
				BFEF6219163EFE6D0054F566 /* InfoPlist.strings in Resources */,
				BFEF622A163EFE6D0054F566 /* first.png in Resources */,
				BFEF622C163EFE6D0054F566 /* first@2x.png in Resources */,
				BFEF6231163EFE6D0054F566 /* second.png in Resources */,
				BFEF6233163EFE6D0054F566 /* second@2x.png in Resources */,
				BFEF6244163F00840054F566 /* HomepageViewController.xib in Resources */,
				BFEF6247163F00E50054F566 /* list.png in Resources */,
				BFEF6249163F00ED0054F566 /* house.png in Resources */,
				BFEF624B163F00F20054F566 /* star.png in Resources */,
				BFEF624D163F00F70054F566 /* SCA-WaterMark.png in Resources */,
				BFEF624F163F00FB0054F566 /* map.png in Resources */,
				BFEF6251163F01000054F566 /* SCA-LRG-Image.png in Resources */,
				BFEF6253163F0C9C0054F566 /* NewANTIRlogo.png in Resources */,
				BFEF626D163F2B540054F566 /* EventsViewController.xib in Resources */,
				BFEF6277163F2E140054F566 /* SettingsViewController.xib in Resources */,
				BFEF627C163F2E2F0054F566 /* MemoriesViewController.xib in Resources */,
				BFEF627E163F2ED00054F566 /* settings.png in Resources */,
				BFEF62A4163F3EFA0054F566 /* data.plist in Resources */,
				BFEF62B3163F4A1C0054F566 /* baronyCell.xib in Resources */,
				BFEF62BF163F97410054F566 /* AreaListViewController.xib in Resources */,
				BFEF62E61640C2500054F566 /* twitOutline.png in Resources */,
				BF14B0231641D34900BD9E50 /* CustomEventCell.xib in Resources */,
				BF14B04116425CDF00BD9E50 /* FavEventInfoViewController.xib in Resources */,
				BF14B04E1642729400BD9E50 /* HostModalViewController.xib in Resources */,
				BF14B0521642F42000BD9E50 /* Twitter-icon.png in Resources */,
				BF14B0541642F49F00BD9E50 /* facebook-icon-1.png in Resources */,
				BF14B0561642F52100BD9E50 /* Cam.png in Resources */,
				BF14B0581642F52800BD9E50 /* vCam.png in Resources */,
				BF14B05A1642F53600BD9E50 /* cancel.png in Resources */,
				BF14B05C1642F53D00BD9E50 /* save.png in Resources */,
				BF14B05E1642F8B300BD9E50 /* Sidebar-Movies-icon.png in Resources */,
				BF14B0601642F8BC00BD9E50 /* Sidebar-Pictures-icon.png in Resources */,
				BF14B0651642F9FC00BD9E50 /* FavoritesViewController.xib in Resources */,
				BF14B06916430BC800BD9E50 /* littleCamIcon.png in Resources */,
				BF14B07016434FA400BD9E50 /* EventInfoViewController.xib in Resources */,
				BF14B0761643645700BD9E50 /* duh.png in Resources */,
				BF4F055C164885CD00CC7AFE /* AnTirLaunch.png in Resources */,
				BF4F055D1648865200CC7AFE /* Default.png in Resources */,
				BF4F055F1648871700CC7AFE /* Default@2x.png in Resources */,
				BF4F05611648872400CC7AFE /* AnTirLaunch@2.png in Resources */,
				BF4F0581164B0BE100CC7AFE /* SmashDate.plist in Resources */,
				BF4F058C164CB0C700CC7AFE /* Default-568h@2x.png in Resources */,
				BF4F06061651C19900CC7AFE /* HostViewController.xib in Resources */,
			);
			runOnlyForDeploymentPostprocessing = 0;
		};
/* End PBXResourcesBuildPhase section */

/* Begin PBXSourcesBuildPhase section */
		BFEF6206163EFE6D0054F566 /* Sources */ = {
			isa = PBXSourcesBuildPhase;
			buildActionMask = 2147483647;
			files = (
				BFEF621B163EFE6D0054F566 /* main.m in Sources */,
				BFEF621F163EFE6D0054F566 /* AppDelegate.m in Sources */,
				BFEF6243163F00840054F566 /* HomepageViewController.m in Sources */,
				BFEF626C163F2B540054F566 /* EventsViewController.m in Sources */,
				BFEF6276163F2E140054F566 /* SettingsViewController.m in Sources */,
				BFEF627B163F2E2F0054F566 /* MemoriesViewController.m in Sources */,
				BFEF6290163F3BC70054F566 /* NSObject+SBJSON.m in Sources */,
				BFEF6291163F3BC70054F566 /* NSString+SBJSON.m in Sources */,
				BFEF6292163F3BC70054F566 /* SBJSON.m in Sources */,
				BFEF6293163F3BC70054F566 /* SBJsonBase.m in Sources */,
				BFEF6294163F3BC70054F566 /* SBJsonParser.m in Sources */,
				BFEF6295163F3BC70054F566 /* SBJsonWriter.m in Sources */,
				BFEF629F163F3DEC0054F566 /* eventClass.m in Sources */,
				BFEF62A0163F3DEC0054F566 /* eventFactory.m in Sources */,
				BFEF62A1163F3DEC0054F566 /* normEventLVL.m in Sources */,
				BFEF62A2163F3DEC0054F566 /* kingEventLVL.m in Sources */,
				BFEF62B1163F49F40054F566 /* baronyCell.m in Sources */,
				BFEF62BE163F97410054F566 /* AreaListViewController.m in Sources */,
				BF14B0211641D33200BD9E50 /* CustomEventCell.m in Sources */,
				BF14B04016425CDF00BD9E50 /* FavEventInfoViewController.m in Sources */,
				BF14B04D1642729400BD9E50 /* HostModalViewController.m in Sources */,
				BF14B0641642F9FC00BD9E50 /* FavoritesViewController.m in Sources */,
				BF14B06E16434F9700BD9E50 /* EventInfoViewController.m in Sources */,
				BF4F06051651C19900CC7AFE /* HostViewController.m in Sources */,
			);
			runOnlyForDeploymentPostprocessing = 0;
		};
/* End PBXSourcesBuildPhase section */

/* Begin PBXVariantGroup section */
		BFEF6217163EFE6D0054F566 /* InfoPlist.strings */ = {
			isa = PBXVariantGroup;
			children = (
				BFEF6218163EFE6D0054F566 /* en */,
			);
			name = InfoPlist.strings;
			sourceTree = "<group>";
		};
/* End PBXVariantGroup section */

/* Begin XCBuildConfiguration section */
		BFEF623A163EFE6D0054F566 /* Debug */ = {
			isa = XCBuildConfiguration;
			buildSettings = {
				ALWAYS_SEARCH_USER_PATHS = NO;
				CLANG_CXX_LANGUAGE_STANDARD = "gnu++0x";
				CLANG_CXX_LIBRARY = "libc++";
				CLANG_ENABLE_OBJC_ARC = YES;
				CLANG_WARN_EMPTY_BODY = YES;
				CLANG_WARN__DUPLICATE_METHOD_MATCH = YES;
				"CODE_SIGN_IDENTITY[sdk=iphoneos*]" = "iPhone Developer";
				COPY_PHASE_STRIP = NO;
				GCC_C_LANGUAGE_STANDARD = gnu99;
				GCC_DYNAMIC_NO_PIC = NO;
				GCC_OPTIMIZATION_LEVEL = 0;
				GCC_PREPROCESSOR_DEFINITIONS = (
					"DEBUG=1",
					"$(inherited)",
				);
				GCC_SYMBOLS_PRIVATE_EXTERN = NO;
				GCC_WARN_ABOUT_RETURN_TYPE = YES;
				GCC_WARN_UNINITIALIZED_AUTOS = YES;
				GCC_WARN_UNUSED_VARIABLE = YES;
				IPHONEOS_DEPLOYMENT_TARGET = 6.0;
				SDKROOT = iphoneos;
			};
			name = Debug;
		};
		BFEF623B163EFE6D0054F566 /* Release */ = {
			isa = XCBuildConfiguration;
			buildSettings = {
				ALWAYS_SEARCH_USER_PATHS = NO;
				CLANG_CXX_LANGUAGE_STANDARD = "gnu++0x";
				CLANG_CXX_LIBRARY = "libc++";
				CLANG_ENABLE_OBJC_ARC = YES;
				CLANG_WARN_EMPTY_BODY = YES;
				CLANG_WARN__DUPLICATE_METHOD_MATCH = YES;
				"CODE_SIGN_IDENTITY[sdk=iphoneos*]" = "iPhone Developer";
				COPY_PHASE_STRIP = YES;
				GCC_C_LANGUAGE_STANDARD = gnu99;
				GCC_WARN_ABOUT_RETURN_TYPE = YES;
				GCC_WARN_UNINITIALIZED_AUTOS = YES;
				GCC_WARN_UNUSED_VARIABLE = YES;
				IPHONEOS_DEPLOYMENT_TARGET = 6.0;
				OTHER_CFLAGS = "-DNS_BLOCK_ASSERTIONS=1";
				SDKROOT = iphoneos;
				VALIDATE_PRODUCT = YES;
			};
			name = Release;
		};
		BFEF623D163EFE6D0054F566 /* Debug */ = {
			isa = XCBuildConfiguration;
			buildSettings = {
				GCC_PRECOMPILE_PREFIX_HEADER = YES;
				GCC_PREFIX_HEADER = "AnTir-EventList/AnTir-EventList-Prefix.pch";
				INFOPLIST_FILE = "AnTir-EventList/AnTir-EventList-Info.plist";
				PRODUCT_NAME = "$(TARGET_NAME)";
				WRAPPER_EXTENSION = app;
			};
			name = Debug;
		};
		BFEF623E163EFE6D0054F566 /* Release */ = {
			isa = XCBuildConfiguration;
			buildSettings = {
				GCC_PRECOMPILE_PREFIX_HEADER = YES;
				GCC_PREFIX_HEADER = "AnTir-EventList/AnTir-EventList-Prefix.pch";
				INFOPLIST_FILE = "AnTir-EventList/AnTir-EventList-Info.plist";
				PRODUCT_NAME = "$(TARGET_NAME)";
				WRAPPER_EXTENSION = app;
			};
			name = Release;
		};
/* End XCBuildConfiguration section */

/* Begin XCConfigurationList section */
		BFEF6204163EFE6D0054F566 /* Build configuration list for PBXProject "AnTir-EventList" */ = {
			isa = XCConfigurationList;
			buildConfigurations = (
				BFEF623A163EFE6D0054F566 /* Debug */,
				BFEF623B163EFE6D0054F566 /* Release */,
			);
			defaultConfigurationIsVisible = 0;
			defaultConfigurationName = Release;
		};
		BFEF623C163EFE6D0054F566 /* Build configuration list for PBXNativeTarget "AnTir-EventList" */ = {
			isa = XCConfigurationList;
			buildConfigurations = (
				BFEF623D163EFE6D0054F566 /* Debug */,
				BFEF623E163EFE6D0054F566 /* Release */,
			);
			defaultConfigurationIsVisible = 0;
			defaultConfigurationName = Release;
		};
/* End XCConfigurationList section */
	};
	rootObject = BFEF6201163EFE6D0054F566 /* Project object */;
}
